<?xml version="1.0" encoding="utf-8"?>
<Project ToolsVersion="4.0" xmlns="http://schemas.microsoft.com/developer/msbuild/2003">
  <ItemGroup>
    <Filter Include="Source Files">
      <UniqueIdentifier>{4FC737F1-C7A5-4376-A066-2A32D752A2FF}</UniqueIdentifier>
      <Extensions>cpp;c;cc;cxx;c++;cppm;ixx;def;odl;idl;hpj;bat;asm;asmx</Extensions>
    </Filter>
    <Filter Include="Header Files">
      <UniqueIdentifier>{93995380-89BD-4b04-88EB-625FBE52EBFB}</UniqueIdentifier>
      <Extensions>h;hh;hpp;hxx;h++;hm;inl;inc;ipp;xsd</Extensions>
    </Filter>
    <Filter Include="Resource Files">
      <UniqueIdentifier>{67DA6AB6-F800-4c08-8B7A-83BB121AAD01}</UniqueIdentifier>
      <Extensions>rc;ico;cur;bmp;dlg;rc2;rct;bin;rgs;gif;jpg;jpeg;jpe;resx;tiff;tif;png;wav;mfcribbon-ms</Extensions>
    </Filter>
    <Filter Include="Source Files\99.Default">
      <UniqueIdentifier>{73d4145e-856c-46cb-8893-9e818a5057c7}</UniqueIdentifier>
    </Filter>
    <Filter Include="Source Files\00.MainGame">
      <UniqueIdentifier>{dab2678c-98c4-4183-b517-d54708db48c2}</UniqueIdentifier>
    </Filter>
    <Filter Include="Source Files\01.Obj">
      <UniqueIdentifier>{c2876e2d-8b4e-4cf3-ae1d-c2933ec7eaee}</UniqueIdentifier>
    </Filter>
    <Filter Include="Header Files\Include">
      <UniqueIdentifier>{c06b9248-812b-4594-a5de-3dfb073525d1}</UniqueIdentifier>
    </Filter>
    <Filter Include="Source Files\01.Obj\00.Player">
      <UniqueIdentifier>{fe9393de-4860-45cc-84a1-e053be57b98d}</UniqueIdentifier>
    </Filter>
    <Filter Include="Source Files\01.Obj\01.Bullet">
      <UniqueIdentifier>{f3126703-b809-4bb2-88a8-6b0254239a31}</UniqueIdentifier>
    </Filter>
    <Filter Include="Source Files\01.Obj\02.Wall">
      <UniqueIdentifier>{c2da2231-8783-4d9e-baf0-9d471a311927}</UniqueIdentifier>
    </Filter>
  </ItemGroup>
  <ItemGroup>
    <ClInclude Include="pch.h">
      <Filter>Header Files</Filter>
    </ClInclude>
    <ClInclude Include="API_Framework.h">
      <Filter>Source Files\99.Default</Filter>
    </ClInclude>
    <ClInclude Include="Resource.h">
      <Filter>Source Files\99.Default</Filter>
    </ClInclude>
    <ClInclude Include="Include.h">
      <Filter>Header Files</Filter>
    </ClInclude>
    <ClInclude Include="Define.h">
      <Filter>Header Files\Include</Filter>
    </ClInclude>
    <ClInclude Include="Extern.h">
      <Filter>Header Files\Include</Filter>
    </ClInclude>
    <ClInclude Include="Function.h">
      <Filter>Header Files\Include</Filter>
    </ClInclude>
    <ClInclude Include="Struct.h">
      <Filter>Header Files\Include</Filter>
    </ClInclude>
    <ClInclude Include="framework.h">
      <Filter>Source Files\99.Default</Filter>
    </ClInclude>
    <ClInclude Include="targetver.h">
      <Filter>Source Files\99.Default</Filter>
    </ClInclude>
    <ClInclude Include="MainGame.h">
      <Filter>Source Files\00.MainGame</Filter>
    </ClInclude>
    <ClInclude Include="Player.h">
      <Filter>Source Files\01.Obj\00.Player</Filter>
    </ClInclude>
    <ClInclude Include="Bullet.h">
      <Filter>Source Files\01.Obj\01.Bullet</Filter>
    </ClInclude>
    <ClInclude Include="Obj.h">
      <Filter>Source Files\01.Obj</Filter>
    </ClInclude>
    <ClInclude Include="Enum.h">
      <Filter>Header Files\Include</Filter>
    </ClInclude>
    <ClInclude Include="Wall.h">
      <Filter>Source Files\01.Obj\02.Wall</Filter>
    </ClInclude>
  </ItemGroup>
  <ItemGroup>
    <ClCompile Include="API_Framework.cpp">
      <Filter>Source Files</Filter>
    </ClCompile>
    <ClCompile Include="MainGame.cpp">
      <Filter>Source Files\00.MainGame</Filter>
    </ClCompile>
    <ClCompile Include="Player.cpp">
      <Filter>Source Files\01.Obj\00.Player</Filter>
    </ClCompile>
    <ClCompile Include="Bullet.cpp">
      <Filter>Source Files\01.Obj\01.Bullet</Filter>
    </ClCompile>
    <ClCompile Include="Obj.cpp">
      <Filter>Source Files\01.Obj</Filter>
    </ClCompile>
    <ClCompile Include="pch.cpp">
      <Filter>Source Files\99.Default</Filter>
    </ClCompile>
    <ClCompile Include="Wall.cpp">
      <Filter>Source Files\01.Obj\02.Wall</Filter>
    </ClCompile>
  </ItemGroup>
  <ItemGroup>
    <ResourceCompile Include="API_Framework.rc">
      <Filter>Resource Files</Filter>
    </ResourceCompile>
  </ItemGroup>
  <ItemGroup>
    <Image Include="small.ico">
      <Filter>Resource Files</Filter>
    </Image>
    <Image Include="API_Framework.ico">
      <Filter>Resource Files</Filter>
    </Image>
  </ItemGroup>
</Project>